
Microsoft Visual Studio Solution File, Format Version 12.00
# Visual Studio 15
VisualStudioVersion = 15.0.27703.2035
MinimumVisualStudioVersion = 10.0.40219.1
Project("{FAE04EC0-301F-11D3-BF4B-00C04F79EFBC}") = "WPF1", "WPF1\WPF1.csproj", "{3862B91E-4C11-4932-8A59-66E97F0A50EE}"
EndProject
Global
	GlobalSection(SolutionConfigurationPlatforms) = preSolution
		Debug|Any CPU = Debug|Any CPU
		Release|Any CPU = Release|Any CPU
	EndGlobalSection
	GlobalSection(ProjectConfigurationPlatforms) = postSolution
		{3862B91E-4C11-4932-8A59-66E97F0A50EE}.Debug|Any CPU.ActiveCfg = Debug|Any CPU
		{3862B91E-4C11-4932-8A59-66E97F0A50EE}.Debug|Any CPU.Build.0 = Debug|Any CPU
		{3862B91E-4C11-4932-8A59-66E97F0A50EE}.Release|Any CPU.ActiveCfg = Release|Any CPU
		{3862B91E-4C11-4932-8A59-66E97F0A50EE}.Release|Any CPU.Build.0 = Release|Any CPU
	EndGlobalSection
	GlobalSection(SolutionProperties) = preSolution
		HideSolutionNode = FALSE
	EndGlobalSection
	GlobalSection(ExtensibilityGlobals) = postSolution
		SolutionGuid = {6073CB17-8EF4-4223-923D-C67FF31BE806}
	EndGlobalSection
EndGlobal
